
Microsoft Visual Studio Solution File, Format Version 12.00
# Visual Studio Version 17
VisualStudioVersion = 17.9.34723.18
MinimumVisualStudioVersion = 10.0.40219.1
Project("{FAE04EC0-301F-11D3-BF4B-00C04F79EFBC}") = "SomasFamilyRestaurant", "SomasFamilyRestaurant\SomasFamilyRestaurant.csproj", "{1D8CD236-37DF-44D7-A0E1-3502130AFA88}"
EndProject
Project("{FAE04EC0-301F-11D3-BF4B-00C04F79EFBC}") = "Menu.cs", "Menu.cs\Menu.cs.csproj", "{FBD26232-F941-4ACF-9F04-1B519A7F7480}"
EndProject
Project("{FAE04EC0-301F-11D3-BF4B-00C04F79EFBC}") = "Menu", "Menu\Menu.csproj", "{98CD1BDE-E3E6-4AFF-B55B-D84FDBC69683}"
EndProject
Global
	GlobalSection(SolutionConfigurationPlatforms) = preSolution
		Debug|Any CPU = Debug|Any CPU
		Release|Any CPU = Release|Any CPU
	EndGlobalSection
	GlobalSection(ProjectConfigurationPlatforms) = postSolution
		{1D8CD236-37DF-44D7-A0E1-3502130AFA88}.Debug|Any CPU.ActiveCfg = Debug|Any CPU
		{1D8CD236-37DF-44D7-A0E1-3502130AFA88}.Debug|Any CPU.Build.0 = Debug|Any CPU
		{1D8CD236-37DF-44D7-A0E1-3502130AFA88}.Release|Any CPU.ActiveCfg = Release|Any CPU
		{1D8CD236-37DF-44D7-A0E1-3502130AFA88}.Release|Any CPU.Build.0 = Release|Any CPU
		{FBD26232-F941-4ACF-9F04-1B519A7F7480}.Debug|Any CPU.ActiveCfg = Debug|Any CPU
		{FBD26232-F941-4ACF-9F04-1B519A7F7480}.Debug|Any CPU.Build.0 = Debug|Any CPU
		{FBD26232-F941-4ACF-9F04-1B519A7F7480}.Release|Any CPU.ActiveCfg = Release|Any CPU
		{FBD26232-F941-4ACF-9F04-1B519A7F7480}.Release|Any CPU.Build.0 = Release|Any CPU
		{98CD1BDE-E3E6-4AFF-B55B-D84FDBC69683}.Debug|Any CPU.ActiveCfg = Debug|Any CPU
		{98CD1BDE-E3E6-4AFF-B55B-D84FDBC69683}.Debug|Any CPU.Build.0 = Debug|Any CPU
		{98CD1BDE-E3E6-4AFF-B55B-D84FDBC69683}.Release|Any CPU.ActiveCfg = Release|Any CPU
		{98CD1BDE-E3E6-4AFF-B55B-D84FDBC69683}.Release|Any CPU.Build.0 = Release|Any CPU
	EndGlobalSection
	GlobalSection(SolutionProperties) = preSolution
		HideSolutionNode = FALSE
	EndGlobalSection
	GlobalSection(ExtensibilityGlobals) = postSolution
		SolutionGuid = {5090E63F-67F9-4D19-83E7-F318B3A4F6BE}
	EndGlobalSection
EndGlobal
